
Microsoft Visual Studio Solution File, Format Version 12.00
# Visual Studio Version 17
VisualStudioVersion = 17.14.36414.22 d17.14
MinimumVisualStudioVersion = 10.0.40219.1
Project("{FAE04EC0-301F-11D3-BF4B-00C04F79EFBC}") = "Ejercicio 6_eventos y delegados I", "Ejercicio 6_eventos y delegados I\Ejercicio 6_eventos y delegados I.csproj", "{7CB7ACA1-A440-4CF8-9CB4-0A48E54108F4}"
EndProject
Global
	GlobalSection(SolutionConfigurationPlatforms) = preSolution
		Debug|Any CPU = Debug|Any CPU
		Release|Any CPU = Release|Any CPU
	EndGlobalSection
	GlobalSection(ProjectConfigurationPlatforms) = postSolution
		{7CB7ACA1-A440-4CF8-9CB4-0A48E54108F4}.Debug|Any CPU.ActiveCfg = Debug|Any CPU
		{7CB7ACA1-A440-4CF8-9CB4-0A48E54108F4}.Debug|Any CPU.Build.0 = Debug|Any CPU
		{7CB7ACA1-A440-4CF8-9CB4-0A48E54108F4}.Release|Any CPU.ActiveCfg = Release|Any CPU
		{7CB7ACA1-A440-4CF8-9CB4-0A48E54108F4}.Release|Any CPU.Build.0 = Release|Any CPU
	EndGlobalSection
	GlobalSection(SolutionProperties) = preSolution
		HideSolutionNode = FALSE
	EndGlobalSection
	GlobalSection(ExtensibilityGlobals) = postSolution
		SolutionGuid = {B3B05E1B-ABD2-4874-9B5E-DF175B2E6B8F}
	EndGlobalSection
EndGlobal
